// !$*UTF8*$!
{
	archiveVersion = 1;
	classes = {
	};
	objectVersion = 55;
	objects = {

/* Begin PBXBuildFile section */
		229626AA296C57050077EA1B /* AppDelegate.swift in Sources */ = {isa = PBXBuildFile; fileRef = 229626A9296C57050077EA1B /* AppDelegate.swift */; };
		229626AC296C57050077EA1B /* SceneDelegate.swift in Sources */ = {isa = PBXBuildFile; fileRef = 229626AB296C57050077EA1B /* SceneDelegate.swift */; };
		229626AE296C57050077EA1B /* ViewController.swift in Sources */ = {isa = PBXBuildFile; fileRef = 229626AD296C57050077EA1B /* ViewController.swift */; };
		229626B1296C57050077EA1B /* Main.storyboard in Resources */ = {isa = PBXBuildFile; fileRef = 229626AF296C57050077EA1B /* Main.storyboard */; };
		229626B3296C57070077EA1B /* Assets.xcassets in Resources */ = {isa = PBXBuildFile; fileRef = 229626B2296C57070077EA1B /* Assets.xcassets */; };
		229626B6296C57070077EA1B /* LaunchScreen.storyboard in Resources */ = {isa = PBXBuildFile; fileRef = 229626B4296C57070077EA1B /* LaunchScreen.storyboard */; };
		229626BE296C72B50077EA1B /* HomeTableViewHeader.xib in Resources */ = {isa = PBXBuildFile; fileRef = 229626BD296C72B50077EA1B /* HomeTableViewHeader.xib */; };
		229626C0296C75E20077EA1B /* HomeTableViewHeader.swift in Sources */ = {isa = PBXBuildFile; fileRef = 229626BF296C75E20077EA1B /* HomeTableViewHeader.swift */; };
		229626C92971EB640077EA1B /* ViagemTableViewCell.swift in Sources */ = {isa = PBXBuildFile; fileRef = 229626C72971EB640077EA1B /* ViagemTableViewCell.swift */; };
		229626CA2971EB640077EA1B /* ViagemTableViewCell.xib in Resources */ = {isa = PBXBuildFile; fileRef = 229626C82971EB640077EA1B /* ViagemTableViewCell.xib */; };
		229626D729746D8F0077EA1B /* DecodableData.swift in Sources */ = {isa = PBXBuildFile; fileRef = 229626D629746D8F0077EA1B /* DecodableData.swift */; };
		229626D929746D8F0077EA1B /* Viagem.swift in Sources */ = {isa = PBXBuildFile; fileRef = 229626D829746D8F0077EA1B /* Viagem.swift */; };
		229626DB29746D8F0077EA1B /* TiposDeViagens.swift in Sources */ = {isa = PBXBuildFile; fileRef = 229626DA29746D8F0077EA1B /* TiposDeViagens.swift */; };
		229626DD29746D8F0077EA1B /* server-response.json in Resources */ = {isa = PBXBuildFile; fileRef = 229626DC29746D8F0077EA1B /* server-response.json */; };
		229626E029746D8F0077EA1B /* UIView+Extension.swift in Sources */ = {isa = PBXBuildFile; fileRef = 229626DF29746D8F0077EA1B /* UIView+Extension.swift */; };
		229626E229746D8F0077EA1B /* ViagemViewModel.swift in Sources */ = {isa = PBXBuildFile; fileRef = 229626E129746D8F0077EA1B /* ViagemViewModel.swift */; };
		229626E429746D8F0077EA1B /* ViagemDestaqueViewModel.swift in Sources */ = {isa = PBXBuildFile; fileRef = 229626E329746D8F0077EA1B /* ViagemDestaqueViewModel.swift */; };
/* End PBXBuildFile section */

/* Begin PBXFileReference section */
		229626A6296C57050077EA1B /* AluraViagens.app */ = {isa = PBXFileReference; explicitFileType = wrapper.application; includeInIndex = 0; path = AluraViagens.app; sourceTree = BUILT_PRODUCTS_DIR; };
		229626A9296C57050077EA1B /* AppDelegate.swift */ = {isa = PBXFileReference; lastKnownFileType = sourcecode.swift; path = AppDelegate.swift; sourceTree = "<group>"; };
		229626AB296C57050077EA1B /* SceneDelegate.swift */ = {isa = PBXFileReference; lastKnownFileType = sourcecode.swift; path = SceneDelegate.swift; sourceTree = "<group>"; };
		229626AD296C57050077EA1B /* ViewController.swift */ = {isa = PBXFileReference; lastKnownFileType = sourcecode.swift; path = ViewController.swift; sourceTree = "<group>"; };
		229626B0296C57050077EA1B /* Base */ = {isa = PBXFileReference; lastKnownFileType = file.storyboard; name = Base; path = Base.lproj/Main.storyboard; sourceTree = "<group>"; };
		229626B2296C57070077EA1B /* Assets.xcassets */ = {isa = PBXFileReference; lastKnownFileType = folder.assetcatalog; path = Assets.xcassets; sourceTree = "<group>"; };
		229626B5296C57070077EA1B /* Base */ = {isa = PBXFileReference; lastKnownFileType = file.storyboard; name = Base; path = Base.lproj/LaunchScreen.storyboard; sourceTree = "<group>"; };
		229626B7296C57070077EA1B /* Info.plist */ = {isa = PBXFileReference; lastKnownFileType = text.plist.xml; path = Info.plist; sourceTree = "<group>"; };
		229626BD296C72B50077EA1B /* HomeTableViewHeader.xib */ = {isa = PBXFileReference; lastKnownFileType = file.xib; path = HomeTableViewHeader.xib; sourceTree = "<group>"; };
		229626BF296C75E20077EA1B /* HomeTableViewHeader.swift */ = {isa = PBXFileReference; lastKnownFileType = sourcecode.swift; path = HomeTableViewHeader.swift; sourceTree = "<group>"; };
		229626C72971EB640077EA1B /* ViagemTableViewCell.swift */ = {isa = PBXFileReference; lastKnownFileType = sourcecode.swift; path = ViagemTableViewCell.swift; sourceTree = "<group>"; };
		229626C82971EB640077EA1B /* ViagemTableViewCell.xib */ = {isa = PBXFileReference; lastKnownFileType = file.xib; path = ViagemTableViewCell.xib; sourceTree = "<group>"; };
		229626D629746D8F0077EA1B /* DecodableData.swift */ = {isa = PBXFileReference; fileEncoding = 4; lastKnownFileType = sourcecode.swift; name = DecodableData.swift; path = "../../../../Downloads/Arquivos Swift/arquivos/DecodableData.swift"; sourceTree = "<group>"; };
		229626D829746D8F0077EA1B /* Viagem.swift */ = {isa = PBXFileReference; fileEncoding = 4; lastKnownFileType = sourcecode.swift; name = Viagem.swift; path = "../../../../Downloads/Arquivos Swift/arquivos/Viagem.swift"; sourceTree = "<group>"; };
		229626DA29746D8F0077EA1B /* TiposDeViagens.swift */ = {isa = PBXFileReference; fileEncoding = 4; lastKnownFileType = sourcecode.swift; name = TiposDeViagens.swift; path = "../../../../Downloads/Arquivos Swift/arquivos/TiposDeViagens.swift"; sourceTree = "<group>"; };
		229626DC29746D8F0077EA1B /* server-response.json */ = {isa = PBXFileReference; fileEncoding = 4; lastKnownFileType = text.json; name = "server-response.json"; path = "../../../../Downloads/Arquivos Swift/arquivos/server-response.json"; sourceTree = "<group>"; };
		229626DF29746D8F0077EA1B /* UIView+Extension.swift */ = {isa = PBXFileReference; fileEncoding = 4; lastKnownFileType = sourcecode.swift; name = "UIView+Extension.swift"; path = "../../../../Downloads/Arquivos Swift/arquivos/UIView+Extension.swift"; sourceTree = "<group>"; };
		229626E129746D8F0077EA1B /* ViagemViewModel.swift */ = {isa = PBXFileReference; lastKnownFileType = sourcecode.swift; path = ViagemViewModel.swift; sourceTree = "<group>"; };
		229626E329746D8F0077EA1B /* ViagemDestaqueViewModel.swift */ = {isa = PBXFileReference; lastKnownFileType = sourcecode.swift; path = ViagemDestaqueViewModel.swift; sourceTree = "<group>"; };
/* End PBXFileReference section */

/* Begin PBXFrameworksBuildPhase section */
		229626A3296C57050077EA1B /* Frameworks */ = {
			isa = PBXFrameworksBuildPhase;
			buildActionMask = 2147483647;
			files = (
			);
			runOnlyForDeploymentPostprocessing = 0;
		};
/* End PBXFrameworksBuildPhase section */

/* Begin PBXGroup section */
		2296269D296C57050077EA1B = {
			isa = PBXGroup;
			children = (
				229626A8296C57050077EA1B /* AluraViagens */,
				229626A7296C57050077EA1B /* Products */,
			);
			sourceTree = "<group>";
		};
		229626A7296C57050077EA1B /* Products */ = {
			isa = PBXGroup;
			children = (
				229626A6296C57050077EA1B /* AluraViagens.app */,
			);
			name = Products;
			sourceTree = "<group>";
		};
		229626A8296C57050077EA1B /* AluraViagens */ = {
			isa = PBXGroup;
			children = (
				229626C12971DDDB0077EA1B /* AppDelegate */,
				229626C22971DDF10077EA1B /* Model */,
				229626C32971DE010077EA1B /* View */,
				229626C52971DE590077EA1B /* ViewModel */,
				229626DE29746D8F0077EA1B /* Extensions */,
				229626B2296C57070077EA1B /* Assets.xcassets */,
				229626CB29746D8F0077EA1B /* Mock */,
				229626B4296C57070077EA1B /* LaunchScreen.storyboard */,
				229626B7296C57070077EA1B /* Info.plist */,
			);
			path = AluraViagens;
			sourceTree = "<group>";
		};
		229626C12971DDDB0077EA1B /* AppDelegate */ = {
			isa = PBXGroup;
			children = (
				229626A9296C57050077EA1B /* AppDelegate.swift */,
				229626AB296C57050077EA1B /* SceneDelegate.swift */,
			);
			path = AppDelegate;
			sourceTree = "<group>";
		};
		229626C22971DDF10077EA1B /* Model */ = {
			isa = PBXGroup;
			children = (
				229626D629746D8F0077EA1B /* DecodableData.swift */,
				229626DA29746D8F0077EA1B /* TiposDeViagens.swift */,
				229626D829746D8F0077EA1B /* Viagem.swift */,
			);
			path = Model;
			sourceTree = "<group>";
		};
		229626C32971DE010077EA1B /* View */ = {
			isa = PBXGroup;
			children = (
				229626AD296C57050077EA1B /* ViewController.swift */,
				229626AF296C57050077EA1B /* Main.storyboard */,
				229626C42971DE410077EA1B /* Header */,
				229626C62971EB290077EA1B /* Cells */,
			);
			path = View;
			sourceTree = "<group>";
		};
		229626C42971DE410077EA1B /* Header */ = {
			isa = PBXGroup;
			children = (
				229626BD296C72B50077EA1B /* HomeTableViewHeader.xib */,
				229626BF296C75E20077EA1B /* HomeTableViewHeader.swift */,
			);
			path = Header;
			sourceTree = "<group>";
		};
		229626C52971DE590077EA1B /* ViewModel */ = {
			isa = PBXGroup;
			children = (
				229626E129746D8F0077EA1B /* ViagemViewModel.swift */,
				229626E329746D8F0077EA1B /* ViagemDestaqueViewModel.swift */,
			);
			path = ViewModel;
			sourceTree = "<group>";
		};
		229626C62971EB290077EA1B /* Cells */ = {
			isa = PBXGroup;
			children = (
				229626C72971EB640077EA1B /* ViagemTableViewCell.swift */,
				229626C82971EB640077EA1B /* ViagemTableViewCell.xib */,
			);
			path = Cells;
			sourceTree = "<group>";
		};
		229626CB29746D8F0077EA1B /* Mock */ = {
			isa = PBXGroup;
			children = (
				229626DC29746D8F0077EA1B /* server-response.json */,
			);
			path = Mock;
			sourceTree = "<group>";
		};
		229626DE29746D8F0077EA1B /* Extensions */ = {
			isa = PBXGroup;
			children = (
				229626DF29746D8F0077EA1B /* UIView+Extension.swift */,
			);
			path = Extensions;
			sourceTree = "<group>";
		};
/* End PBXGroup section */

/* Begin PBXNativeTarget section */
		229626A5296C57050077EA1B /* AluraViagens */ = {
			isa = PBXNativeTarget;
			buildConfigurationList = 229626BA296C57070077EA1B /* Build configuration list for PBXNativeTarget "AluraViagens" */;
			buildPhases = (
				229626A2296C57050077EA1B /* Sources */,
				229626A3296C57050077EA1B /* Frameworks */,
				229626A4296C57050077EA1B /* Resources */,
			);
			buildRules = (
			);
			dependencies = (
			);
			name = AluraViagens;
			productName = AluraViagens;
			productReference = 229626A6296C57050077EA1B /* AluraViagens.app */;
			productType = "com.apple.product-type.application";
		};
/* End PBXNativeTarget section */

/* Begin PBXProject section */
		2296269E296C57050077EA1B /* Project object */ = {
			isa = PBXProject;
			attributes = {
				BuildIndependentTargetsInParallel = 1;
				LastSwiftUpdateCheck = 1330;
				LastUpgradeCheck = 1330;
				TargetAttributes = {
					229626A5296C57050077EA1B = {
						CreatedOnToolsVersion = 13.3.1;
					};
				};
			};
			buildConfigurationList = 229626A1296C57050077EA1B /* Build configuration list for PBXProject "AluraViagens" */;
			compatibilityVersion = "Xcode 13.0";
			developmentRegion = en;
			hasScannedForEncodings = 0;
			knownRegions = (
				en,
				Base,
			);
			mainGroup = 2296269D296C57050077EA1B;
			productRefGroup = 229626A7296C57050077EA1B /* Products */;
			projectDirPath = "";
			projectRoot = "";
			targets = (
				229626A5296C57050077EA1B /* AluraViagens */,
			);
		};
/* End PBXProject section */

/* Begin PBXResourcesBuildPhase section */
		229626A4296C57050077EA1B /* Resources */ = {
			isa = PBXResourcesBuildPhase;
			buildActionMask = 2147483647;
			files = (
				229626B6296C57070077EA1B /* LaunchScreen.storyboard in Resources */,
				229626DD29746D8F0077EA1B /* server-response.json in Resources */,
				229626BE296C72B50077EA1B /* HomeTableViewHeader.xib in Resources */,
				229626B3296C57070077EA1B /* Assets.xcassets in Resources */,
				229626B1296C57050077EA1B /* Main.storyboard in Resources */,
				229626CA2971EB640077EA1B /* ViagemTableViewCell.xib in Resources */,
			);
			runOnlyForDeploymentPostprocessing = 0;
		};
/* End PBXResourcesBuildPhase section */

/* Begin PBXSourcesBuildPhase section */
		229626A2296C57050077EA1B /* Sources */ = {
			isa = PBXSourcesBuildPhase;
			buildActionMask = 2147483647;
			files = (
				229626AE296C57050077EA1B /* ViewController.swift in Sources */,
				229626C92971EB640077EA1B /* ViagemTableViewCell.swift in Sources */,
				229626C0296C75E20077EA1B /* HomeTableViewHeader.swift in Sources */,
				229626E029746D8F0077EA1B /* UIView+Extension.swift in Sources */,
				229626D729746D8F0077EA1B /* DecodableData.swift in Sources */,
				229626DB29746D8F0077EA1B /* TiposDeViagens.swift in Sources */,
				229626AA296C57050077EA1B /* AppDelegate.swift in Sources */,
				229626D929746D8F0077EA1B /* Viagem.swift in Sources */,
				229626AC296C57050077EA1B /* SceneDelegate.swift in Sources */,
				229626E229746D8F0077EA1B /* ViagemViewModel.swift in Sources */,
				229626E429746D8F0077EA1B /* ViagemDestaqueViewModel.swift in Sources */,
			);
			runOnlyForDeploymentPostprocessing = 0;
		};
/* End PBXSourcesBuildPhase section */

/* Begin PBXVariantGroup section */
		229626AF296C57050077EA1B /* Main.storyboard */ = {
			isa = PBXVariantGroup;
			children = (
				229626B0296C57050077EA1B /* Base */,
			);
			name = Main.storyboard;
			sourceTree = "<group>";
		};
		229626B4296C57070077EA1B /* LaunchScreen.storyboard */ = {
			isa = PBXVariantGroup;
			children = (
				229626B5296C57070077EA1B /* Base */,
			);
			name = LaunchScreen.storyboard;
			sourceTree = "<group>";
		};
/* End PBXVariantGroup section */

/* Begin XCBuildConfiguration section */
		229626B8296C57070077EA1B /* Debug */ = {
			isa = XCBuildConfiguration;
			buildSettings = {
				ALWAYS_SEARCH_USER_PATHS = NO;
				CLANG_ANALYZER_NONNULL = YES;
				CLANG_ANALYZER_NUMBER_OBJECT_CONVERSION = YES_AGGRESSIVE;
				CLANG_CXX_LANGUAGE_STANDARD = "gnu++17";
				CLANG_ENABLE_MODULES = YES;
				CLANG_ENABLE_OBJC_ARC = YES;
				CLANG_ENABLE_OBJC_WEAK = YES;
				CLANG_WARN_BLOCK_CAPTURE_AUTORELEASING = YES;
				CLANG_WARN_BOOL_CONVERSION = YES;
				CLANG_WARN_COMMA = YES;
				CLANG_WARN_CONSTANT_CONVERSION = YES;
				CLANG_WARN_DEPRECATED_OBJC_IMPLEMENTATIONS = YES;
				CLANG_WARN_DIRECT_OBJC_ISA_USAGE = YES_ERROR;
				CLANG_WARN_DOCUMENTATION_COMMENTS = YES;
				CLANG_WARN_EMPTY_BODY = YES;
				CLANG_WARN_ENUM_CONVERSION = YES;
				CLANG_WARN_INFINITE_RECURSION = YES;
				CLANG_WARN_INT_CONVERSION = YES;
				CLANG_WARN_NON_LITERAL_NULL_CONVERSION = YES;
				CLANG_WARN_OBJC_IMPLICIT_RETAIN_SELF = YES;
				CLANG_WARN_OBJC_LITERAL_CONVERSION = YES;
				CLANG_WARN_OBJC_ROOT_CLASS = YES_ERROR;
				CLANG_WARN_QUOTED_INCLUDE_IN_FRAMEWORK_HEADER = YES;
				CLANG_WARN_RANGE_LOOP_ANALYSIS = YES;
				CLANG_WARN_STRICT_PROTOTYPES = YES;
				CLANG_WARN_SUSPICIOUS_MOVE = YES;
				CLANG_WARN_UNGUARDED_AVAILABILITY = YES_AGGRESSIVE;
				CLANG_WARN_UNREACHABLE_CODE = YES;
				CLANG_WARN__DUPLICATE_METHOD_MATCH = YES;
				COPY_PHASE_STRIP = NO;
				DEBUG_INFORMATION_FORMAT = dwarf;
				ENABLE_STRICT_OBJC_MSGSEND = YES;
				ENABLE_TESTABILITY = YES;
				GCC_C_LANGUAGE_STANDARD = gnu11;
				GCC_DYNAMIC_NO_PIC = NO;
				GCC_NO_COMMON_BLOCKS = YES;
				GCC_OPTIMIZATION_LEVEL = 0;
				GCC_PREPROCESSOR_DEFINITIONS = (
					"DEBUG=1",
					"$(inherited)",
				);
				GCC_WARN_64_TO_32_BIT_CONVERSION = YES;
				GCC_WARN_ABOUT_RETURN_TYPE = YES_ERROR;
				GCC_WARN_UNDECLARED_SELECTOR = YES;
				GCC_WARN_UNINITIALIZED_AUTOS = YES_AGGRESSIVE;
				GCC_WARN_UNUSED_FUNCTION = YES;
				GCC_WARN_UNUSED_VARIABLE = YES;
				IPHONEOS_DEPLOYMENT_TARGET = 15.4;
				MTL_ENABLE_DEBUG_INFO = INCLUDE_SOURCE;
				MTL_FAST_MATH = YES;
				ONLY_ACTIVE_ARCH = YES;
				SDKROOT = iphoneos;
				SWIFT_ACTIVE_COMPILATION_CONDITIONS = DEBUG;
				SWIFT_OPTIMIZATION_LEVEL = "-Onone";
			};
			name = Debug;
		};
		229626B9296C57070077EA1B /* Release */ = {
			isa = XCBuildConfiguration;
			buildSettings = {
				ALWAYS_SEARCH_USER_PATHS = NO;
				CLANG_ANALYZER_NONNULL = YES;
				CLANG_ANALYZER_NUMBER_OBJECT_CONVERSION = YES_AGGRESSIVE;
				CLANG_CXX_LANGUAGE_STANDARD = "gnu++17";
				CLANG_ENABLE_MODULES = YES;
				CLANG_ENABLE_OBJC_ARC = YES;
				CLANG_ENABLE_OBJC_WEAK = YES;
				CLANG_WARN_BLOCK_CAPTURE_AUTORELEASING = YES;
				CLANG_WARN_BOOL_CONVERSION = YES;
				CLANG_WARN_COMMA = YES;
				CLANG_WARN_CONSTANT_CONVERSION = YES;
				CLANG_WARN_DEPRECATED_OBJC_IMPLEMENTATIONS = YES;
				CLANG_WARN_DIRECT_OBJC_ISA_USAGE = YES_ERROR;
				CLANG_WARN_DOCUMENTATION_COMMENTS = YES;
				CLANG_WARN_EMPTY_BODY = YES;
				CLANG_WARN_ENUM_CONVERSION = YES;
				CLANG_WARN_INFINITE_RECURSION = YES;
				CLANG_WARN_INT_CONVERSION = YES;
				CLANG_WARN_NON_LITERAL_NULL_CONVERSION = YES;
				CLANG_WARN_OBJC_IMPLICIT_RETAIN_SELF = YES;
				CLANG_WARN_OBJC_LITERAL_CONVERSION = YES;
				CLANG_WARN_OBJC_ROOT_CLASS = YES_ERROR;
				CLANG_WARN_QUOTED_INCLUDE_IN_FRAMEWORK_HEADER = YES;
				CLANG_WARN_RANGE_LOOP_ANALYSIS = YES;
				CLANG_WARN_STRICT_PROTOTYPES = YES;
				CLANG_WARN_SUSPICIOUS_MOVE = YES;
				CLANG_WARN_UNGUARDED_AVAILABILITY = YES_AGGRESSIVE;
				CLANG_WARN_UNREACHABLE_CODE = YES;
				CLANG_WARN__DUPLICATE_METHOD_MATCH = YES;
				COPY_PHASE_STRIP = NO;
				DEBUG_INFORMATION_FORMAT = "dwarf-with-dsym";
				ENABLE_NS_ASSERTIONS = NO;
				ENABLE_STRICT_OBJC_MSGSEND = YES;
				GCC_C_LANGUAGE_STANDARD = gnu11;
				GCC_NO_COMMON_BLOCKS = YES;
				GCC_WARN_64_TO_32_BIT_CONVERSION = YES;
				GCC_WARN_ABOUT_RETURN_TYPE = YES_ERROR;
				GCC_WARN_UNDECLARED_SELECTOR = YES;
				GCC_WARN_UNINITIALIZED_AUTOS = YES_AGGRESSIVE;
				GCC_WARN_UNUSED_FUNCTION = YES;
				GCC_WARN_UNUSED_VARIABLE = YES;
				IPHONEOS_DEPLOYMENT_TARGET = 15.4;
				MTL_ENABLE_DEBUG_INFO = NO;
				MTL_FAST_MATH = YES;
				SDKROOT = iphoneos;
				SWIFT_COMPILATION_MODE = wholemodule;
				SWIFT_OPTIMIZATION_LEVEL = "-O";
				VALIDATE_PRODUCT = YES;
			};
			name = Release;
		};
		229626BB296C57070077EA1B /* Debug */ = {
			isa = XCBuildConfiguration;
			buildSettings = {
				ASSETCATALOG_COMPILER_APPICON_NAME = AppIcon;
				ASSETCATALOG_COMPILER_GLOBAL_ACCENT_COLOR_NAME = AccentColor;
				CODE_SIGN_STYLE = Automatic;
				CURRENT_PROJECT_VERSION = 1;
				DEVELOPMENT_TEAM = "";
				GENERATE_INFOPLIST_FILE = YES;
				INFOPLIST_FILE = AluraViagens/Info.plist;
				INFOPLIST_KEY_UIApplicationSupportsIndirectInputEvents = YES;
				INFOPLIST_KEY_UILaunchStoryboardName = LaunchScreen;
				INFOPLIST_KEY_UIMainStoryboardFile = Main;
				INFOPLIST_KEY_UISupportedInterfaceOrientations_iPad = "UIInterfaceOrientationPortrait UIInterfaceOrientationPortraitUpsideDown UIInterfaceOrientationLandscapeLeft UIInterfaceOrientationLandscapeRight";
				INFOPLIST_KEY_UISupportedInterfaceOrientations_iPhone = "UIInterfaceOrientationPortrait UIInterfaceOrientationLandscapeLeft UIInterfaceOrientationLandscapeRight";
				LD_RUNPATH_SEARCH_PATHS = (
					"$(inherited)",
					"@executable_path/Frameworks",
				);
				MARKETING_VERSION = 1.0;
				PRODUCT_BUNDLE_IDENTIFIER = Eroda.AluraViagens;
				PRODUCT_NAME = "$(TARGET_NAME)";
				SWIFT_EMIT_LOC_STRINGS = YES;
				SWIFT_VERSION = 5.0;
				TARGETED_DEVICE_FAMILY = "1,2";
			};
			name = Debug;
		};
		229626BC296C57070077EA1B /* Release */ = {
			isa = XCBuildConfiguration;
			buildSettings = {
				ASSETCATALOG_COMPILER_APPICON_NAME = AppIcon;
				ASSETCATALOG_COMPILER_GLOBAL_ACCENT_COLOR_NAME = AccentColor;
				CODE_SIGN_STYLE = Automatic;
				CURRENT_PROJECT_VERSION = 1;
				DEVELOPMENT_TEAM = "";
				GENERATE_INFOPLIST_FILE = YES;
				INFOPLIST_FILE = AluraViagens/Info.plist;
				INFOPLIST_KEY_UIApplicationSupportsIndirectInputEvents = YES;
				INFOPLIST_KEY_UILaunchStoryboardName = LaunchScreen;
				INFOPLIST_KEY_UIMainStoryboardFile = Main;
				INFOPLIST_KEY_UISupportedInterfaceOrientations_iPad = "UIInterfaceOrientationPortrait UIInterfaceOrientationPortraitUpsideDown UIInterfaceOrientationLandscapeLeft UIInterfaceOrientationLandscapeRight";
				INFOPLIST_KEY_UISupportedInterfaceOrientations_iPhone = "UIInterfaceOrientationPortrait UIInterfaceOrientationLandscapeLeft UIInterfaceOrientationLandscapeRight";
				LD_RUNPATH_SEARCH_PATHS = (
					"$(inherited)",
					"@executable_path/Frameworks",
				);
				MARKETING_VERSION = 1.0;
				PRODUCT_BUNDLE_IDENTIFIER = Eroda.AluraViagens;
				PRODUCT_NAME = "$(TARGET_NAME)";
				SWIFT_EMIT_LOC_STRINGS = YES;
				SWIFT_VERSION = 5.0;
				TARGETED_DEVICE_FAMILY = "1,2";
			};
			name = Release;
		};
/* End XCBuildConfiguration section */

/* Begin XCConfigurationList section */
		229626A1296C57050077EA1B /* Build configuration list for PBXProject "AluraViagens" */ = {
			isa = XCConfigurationList;
			buildConfigurations = (
				229626B8296C57070077EA1B /* Debug */,
				229626B9296C57070077EA1B /* Release */,
			);
			defaultConfigurationIsVisible = 0;
			defaultConfigurationName = Release;
		};
		229626BA296C57070077EA1B /* Build configuration list for PBXNativeTarget "AluraViagens" */ = {
			isa = XCConfigurationList;
			buildConfigurations = (
				229626BB296C57070077EA1B /* Debug */,
				229626BC296C57070077EA1B /* Release */,
			);
			defaultConfigurationIsVisible = 0;
			defaultConfigurationName = Release;
		};
/* End XCConfigurationList section */
	};
	rootObject = 2296269E296C57050077EA1B /* Project object */;
}
